// !$*UTF8*$!
{
	archiveVersion = 1;
	classes = {
	};
	objectVersion = 46;
	objects = {

/* Begin PBXBuildFile section */
		19B6CDB8150B47D8A3FBC71A /* libPods-PRSocialDemo.a in Frameworks */ = {isa = PBXBuildFile; fileRef = FEDD4F2D380D409DB02D6740 /* libPods-PRSocialDemo.a */; };
		937074A5192AE68D009561E1 /* Foundation.framework in Frameworks */ = {isa = PBXBuildFile; fileRef = 937074A4192AE68D009561E1 /* Foundation.framework */; };
		937074A7192AE68D009561E1 /* CoreGraphics.framework in Frameworks */ = {isa = PBXBuildFile; fileRef = 937074A6192AE68D009561E1 /* CoreGraphics.framework */; };
		937074A9192AE68D009561E1 /* UIKit.framework in Frameworks */ = {isa = PBXBuildFile; fileRef = 937074A8192AE68D009561E1 /* UIKit.framework */; };
		937074AF192AE68D009561E1 /* InfoPlist.strings in Resources */ = {isa = PBXBuildFile; fileRef = 937074AD192AE68D009561E1 /* InfoPlist.strings */; };
		937074B1192AE68D009561E1 /* main.m in Sources */ = {isa = PBXBuildFile; fileRef = 937074B0192AE68D009561E1 /* main.m */; };
		937074B5192AE68D009561E1 /* PRAppDelegate.m in Sources */ = {isa = PBXBuildFile; fileRef = 937074B4192AE68D009561E1 /* PRAppDelegate.m */; };
		937074B7192AE68D009561E1 /* Images.xcassets in Resources */ = {isa = PBXBuildFile; fileRef = 937074B6192AE68D009561E1 /* Images.xcassets */; };
		937074BE192AE68D009561E1 /* XCTest.framework in Frameworks */ = {isa = PBXBuildFile; fileRef = 937074BD192AE68D009561E1 /* XCTest.framework */; };
		937074BF192AE68D009561E1 /* Foundation.framework in Frameworks */ = {isa = PBXBuildFile; fileRef = 937074A4192AE68D009561E1 /* Foundation.framework */; };
		937074C0192AE68D009561E1 /* UIKit.framework in Frameworks */ = {isa = PBXBuildFile; fileRef = 937074A8192AE68D009561E1 /* UIKit.framework */; };
		937074C8192AE68D009561E1 /* InfoPlist.strings in Resources */ = {isa = PBXBuildFile; fileRef = 937074C6192AE68D009561E1 /* InfoPlist.strings */; };
		937074CA192AE68D009561E1 /* PRSocialDemoTests.m in Sources */ = {isa = PBXBuildFile; fileRef = 937074C9192AE68D009561E1 /* PRSocialDemoTests.m */; };
		937074DA192AE8BE009561E1 /* libWeChatSDK.a in Frameworks */ = {isa = PBXBuildFile; fileRef = 937074D7192AE8BE009561E1 /* libWeChatSDK.a */; };
		937074E2192AEB22009561E1 /* PRRootViewController.m in Sources */ = {isa = PBXBuildFile; fileRef = 937074E1192AEB22009561E1 /* PRRootViewController.m */; };
		937074E9192AEC14009561E1 /* PRSocialService.m in Sources */ = {isa = PBXBuildFile; fileRef = 937074E8192AEC14009561E1 /* PRSocialService.m */; };
		937074F2192AF035009561E1 /* PRWeChatService.m in Sources */ = {isa = PBXBuildFile; fileRef = 937074F1192AF035009561E1 /* PRWeChatService.m */; };
		937074FA192AF36E009561E1 /* PRSocialConfig.m in Sources */ = {isa = PBXBuildFile; fileRef = 937074F9192AF36E009561E1 /* PRSocialConfig.m */; };
		93707509192B2F28009561E1 /* PRWeiboService.m in Sources */ = {isa = PBXBuildFile; fileRef = 93707508192B2F28009561E1 /* PRWeiboService.m */; };
		9370750B192B2F45009561E1 /* Social.framework in Frameworks */ = {isa = PBXBuildFile; fileRef = 9370750A192B2F45009561E1 /* Social.framework */; };
		9370752B192B3DCE009561E1 /* NSNumber+PRSocialURLCoding.m in Sources */ = {isa = PBXBuildFile; fileRef = 93707528192B3DCE009561E1 /* NSNumber+PRSocialURLCoding.m */; };
		9370752C192B3DCE009561E1 /* NSString+PRSocialURLCoding.m in Sources */ = {isa = PBXBuildFile; fileRef = 9370752A192B3DCE009561E1 /* NSString+PRSocialURLCoding.m */; };
		93707537192B45F6009561E1 /* PRSocialAuthWebViewController.m in Sources */ = {isa = PBXBuildFile; fileRef = 93707536192B45F6009561E1 /* PRSocialAuthWebViewController.m */; };
/* End PBXBuildFile section */

/* Begin PBXContainerItemProxy section */
		937074C1192AE68D009561E1 /* PBXContainerItemProxy */ = {
			isa = PBXContainerItemProxy;
			containerPortal = 93707499192AE68D009561E1 /* Project object */;
			proxyType = 1;
			remoteGlobalIDString = 937074A0192AE68D009561E1;
			remoteInfo = PRSocialDemo;
		};
/* End PBXContainerItemProxy section */

/* Begin PBXFileReference section */
		937074A1192AE68D009561E1 /* PRSocialDemo.app */ = {isa = PBXFileReference; explicitFileType = wrapper.application; includeInIndex = 0; path = PRSocialDemo.app; sourceTree = BUILT_PRODUCTS_DIR; };
		937074A4192AE68D009561E1 /* Foundation.framework */ = {isa = PBXFileReference; lastKnownFileType = wrapper.framework; name = Foundation.framework; path = System/Library/Frameworks/Foundation.framework; sourceTree = SDKROOT; };
		937074A6192AE68D009561E1 /* CoreGraphics.framework */ = {isa = PBXFileReference; lastKnownFileType = wrapper.framework; name = CoreGraphics.framework; path = System/Library/Frameworks/CoreGraphics.framework; sourceTree = SDKROOT; };
		937074A8192AE68D009561E1 /* UIKit.framework */ = {isa = PBXFileReference; lastKnownFileType = wrapper.framework; name = UIKit.framework; path = System/Library/Frameworks/UIKit.framework; sourceTree = SDKROOT; };
		937074AC192AE68D009561E1 /* PRSocialDemo-Info.plist */ = {isa = PBXFileReference; lastKnownFileType = text.plist.xml; path = "PRSocialDemo-Info.plist"; sourceTree = "<group>"; };
		937074AE192AE68D009561E1 /* en */ = {isa = PBXFileReference; lastKnownFileType = text.plist.strings; name = en; path = en.lproj/InfoPlist.strings; sourceTree = "<group>"; };
		937074B0192AE68D009561E1 /* main.m */ = {isa = PBXFileReference; lastKnownFileType = sourcecode.c.objc; path = main.m; sourceTree = "<group>"; };
		937074B2192AE68D009561E1 /* PRSocialDemo-Prefix.pch */ = {isa = PBXFileReference; lastKnownFileType = sourcecode.c.h; path = "PRSocialDemo-Prefix.pch"; sourceTree = "<group>"; };
		937074B3192AE68D009561E1 /* PRAppDelegate.h */ = {isa = PBXFileReference; lastKnownFileType = sourcecode.c.h; path = PRAppDelegate.h; sourceTree = "<group>"; };
		937074B4192AE68D009561E1 /* PRAppDelegate.m */ = {isa = PBXFileReference; lastKnownFileType = sourcecode.c.objc; path = PRAppDelegate.m; sourceTree = "<group>"; };
		937074B6192AE68D009561E1 /* Images.xcassets */ = {isa = PBXFileReference; lastKnownFileType = folder.assetcatalog; path = Images.xcassets; sourceTree = "<group>"; };
		937074BC192AE68D009561E1 /* PRSocialDemoTests.xctest */ = {isa = PBXFileReference; explicitFileType = wrapper.cfbundle; includeInIndex = 0; path = PRSocialDemoTests.xctest; sourceTree = BUILT_PRODUCTS_DIR; };
		937074BD192AE68D009561E1 /* XCTest.framework */ = {isa = PBXFileReference; lastKnownFileType = wrapper.framework; name = XCTest.framework; path = Library/Frameworks/XCTest.framework; sourceTree = DEVELOPER_DIR; };
		937074C5192AE68D009561E1 /* PRSocialDemoTests-Info.plist */ = {isa = PBXFileReference; lastKnownFileType = text.plist.xml; path = "PRSocialDemoTests-Info.plist"; sourceTree = "<group>"; };
		937074C7192AE68D009561E1 /* en */ = {isa = PBXFileReference; lastKnownFileType = text.plist.strings; name = en; path = en.lproj/InfoPlist.strings; sourceTree = "<group>"; };
		937074C9192AE68D009561E1 /* PRSocialDemoTests.m */ = {isa = PBXFileReference; lastKnownFileType = sourcecode.c.objc; path = PRSocialDemoTests.m; sourceTree = "<group>"; };
		937074D7192AE8BE009561E1 /* libWeChatSDK.a */ = {isa = PBXFileReference; lastKnownFileType = archive.ar; path = libWeChatSDK.a; sourceTree = "<group>"; };
		937074D8192AE8BE009561E1 /* WXApi.h */ = {isa = PBXFileReference; fileEncoding = 4; lastKnownFileType = sourcecode.c.h; path = WXApi.h; sourceTree = "<group>"; };
		937074D9192AE8BE009561E1 /* WXApiObject.h */ = {isa = PBXFileReference; fileEncoding = 4; lastKnownFileType = sourcecode.c.h; path = WXApiObject.h; sourceTree = "<group>"; };
		937074E0192AEB22009561E1 /* PRRootViewController.h */ = {isa = PBXFileReference; fileEncoding = 4; lastKnownFileType = sourcecode.c.h; path = PRRootViewController.h; sourceTree = "<group>"; };
		937074E1192AEB22009561E1 /* PRRootViewController.m */ = {isa = PBXFileReference; fileEncoding = 4; lastKnownFileType = sourcecode.c.objc; path = PRRootViewController.m; sourceTree = "<group>"; };
		937074E7192AEC14009561E1 /* PRSocialService.h */ = {isa = PBXFileReference; fileEncoding = 4; lastKnownFileType = sourcecode.c.h; name = PRSocialService.h; path = Classes/PRSocialService.h; sourceTree = SOURCE_ROOT; };
		937074E8192AEC14009561E1 /* PRSocialService.m */ = {isa = PBXFileReference; fileEncoding = 4; lastKnownFileType = sourcecode.c.objc; name = PRSocialService.m; path = Classes/PRSocialService.m; sourceTree = SOURCE_ROOT; };
		937074F0192AF035009561E1 /* PRWeChatService.h */ = {isa = PBXFileReference; fileEncoding = 4; lastKnownFileType = sourcecode.c.h; name = PRWeChatService.h; path = Classes/PRWeChatService.h; sourceTree = SOURCE_ROOT; };
		937074F1192AF035009561E1 /* PRWeChatService.m */ = {isa = PBXFileReference; fileEncoding = 4; lastKnownFileType = sourcecode.c.objc; name = PRWeChatService.m; path = Classes/PRWeChatService.m; sourceTree = SOURCE_ROOT; };
		937074F8192AF36E009561E1 /* PRSocialConfig.h */ = {isa = PBXFileReference; fileEncoding = 4; lastKnownFileType = sourcecode.c.h; name = PRSocialConfig.h; path = Classes/PRSocialConfig.h; sourceTree = SOURCE_ROOT; };
		937074F9192AF36E009561E1 /* PRSocialConfig.m */ = {isa = PBXFileReference; fileEncoding = 4; lastKnownFileType = sourcecode.c.objc; name = PRSocialConfig.m; path = Classes/PRSocialConfig.m; sourceTree = SOURCE_ROOT; };
		937074FE192B08EC009561E1 /* PRSocial.h */ = {isa = PBXFileReference; lastKnownFileType = sourcecode.c.h; name = PRSocial.h; path = Classes/PRSocial.h; sourceTree = SOURCE_ROOT; };
		93707505192B2D74009561E1 /* libPods-PRSocialDemo.a */ = {isa = PBXFileReference; lastKnownFileType = archive.ar; name = "libPods-PRSocialDemo.a"; path = "Pods/build/Debug-iphoneos/libPods-PRSocialDemo.a"; sourceTree = "<group>"; };
		93707507192B2F28009561E1 /* PRWeiboService.h */ = {isa = PBXFileReference; fileEncoding = 4; lastKnownFileType = sourcecode.c.h; name = PRWeiboService.h; path = Classes/PRWeiboService.h; sourceTree = SOURCE_ROOT; };
		93707508192B2F28009561E1 /* PRWeiboService.m */ = {isa = PBXFileReference; fileEncoding = 4; lastKnownFileType = sourcecode.c.objc; name = PRWeiboService.m; path = Classes/PRWeiboService.m; sourceTree = SOURCE_ROOT; };
		9370750A192B2F45009561E1 /* Social.framework */ = {isa = PBXFileReference; lastKnownFileType = wrapper.framework; name = Social.framework; path = System/Library/Frameworks/Social.framework; sourceTree = SDKROOT; };
		93707527192B3DCE009561E1 /* NSNumber+PRSocialURLCoding.h */ = {isa = PBXFileReference; fileEncoding = 4; lastKnownFileType = sourcecode.c.h; name = "NSNumber+PRSocialURLCoding.h"; path = "Classes/Utils/Categories/NSNumber+PRSocialURLCoding.h"; sourceTree = SOURCE_ROOT; };
		93707528192B3DCE009561E1 /* NSNumber+PRSocialURLCoding.m */ = {isa = PBXFileReference; fileEncoding = 4; lastKnownFileType = sourcecode.c.objc; name = "NSNumber+PRSocialURLCoding.m"; path = "Classes/Utils/Categories/NSNumber+PRSocialURLCoding.m"; sourceTree = SOURCE_ROOT; };
		93707529192B3DCE009561E1 /* NSString+PRSocialURLCoding.h */ = {isa = PBXFileReference; fileEncoding = 4; lastKnownFileType = sourcecode.c.h; name = "NSString+PRSocialURLCoding.h"; path = "Classes/Utils/Categories/NSString+PRSocialURLCoding.h"; sourceTree = SOURCE_ROOT; };
		9370752A192B3DCE009561E1 /* NSString+PRSocialURLCoding.m */ = {isa = PBXFileReference; fileEncoding = 4; lastKnownFileType = sourcecode.c.objc; name = "NSString+PRSocialURLCoding.m"; path = "Classes/Utils/Categories/NSString+PRSocialURLCoding.m"; sourceTree = SOURCE_ROOT; };
		93707535192B45F6009561E1 /* PRSocialAuthWebViewController.h */ = {isa = PBXFileReference; fileEncoding = 4; lastKnownFileType = sourcecode.c.h; name = PRSocialAuthWebViewController.h; path = Classes/Utils/UI/PRSocialAuthWebViewController.h; sourceTree = SOURCE_ROOT; };
		93707536192B45F6009561E1 /* PRSocialAuthWebViewController.m */ = {isa = PBXFileReference; fileEncoding = 4; lastKnownFileType = sourcecode.c.objc; name = PRSocialAuthWebViewController.m; path = Classes/Utils/UI/PRSocialAuthWebViewController.m; sourceTree = SOURCE_ROOT; };
		9D31501A77D14BB9A8844236 /* Pods-PRSocialDemo.xcconfig */ = {isa = PBXFileReference; includeInIndex = 1; lastKnownFileType = text.xcconfig; name = "Pods-PRSocialDemo.xcconfig"; path = "Pods/Pods-PRSocialDemo.xcconfig"; sourceTree = "<group>"; };
		FEDD4F2D380D409DB02D6740 /* libPods-PRSocialDemo.a */ = {isa = PBXFileReference; explicitFileType = archive.ar; includeInIndex = 0; path = "libPods-PRSocialDemo.a"; sourceTree = BUILT_PRODUCTS_DIR; };
/* End PBXFileReference section */

/* Begin PBXFrameworksBuildPhase section */
		9370749E192AE68D009561E1 /* Frameworks */ = {
			isa = PBXFrameworksBuildPhase;
			buildActionMask = 2147483647;
			files = (
				9370750B192B2F45009561E1 /* Social.framework in Frameworks */,
				937074A7192AE68D009561E1 /* CoreGraphics.framework in Frameworks */,
				937074A9192AE68D009561E1 /* UIKit.framework in Frameworks */,
				937074DA192AE8BE009561E1 /* libWeChatSDK.a in Frameworks */,
				937074A5192AE68D009561E1 /* Foundation.framework in Frameworks */,
				19B6CDB8150B47D8A3FBC71A /* libPods-PRSocialDemo.a in Frameworks */,
			);
			runOnlyForDeploymentPostprocessing = 0;
		};
		937074B9192AE68D009561E1 /* Frameworks */ = {
			isa = PBXFrameworksBuildPhase;
			buildActionMask = 2147483647;
			files = (
				937074BE192AE68D009561E1 /* XCTest.framework in Frameworks */,
				937074C0192AE68D009561E1 /* UIKit.framework in Frameworks */,
				937074BF192AE68D009561E1 /* Foundation.framework in Frameworks */,
			);
			runOnlyForDeploymentPostprocessing = 0;
		};
/* End PBXFrameworksBuildPhase section */

/* Begin PBXGroup section */
		93707498192AE68D009561E1 = {
			isa = PBXGroup;
			children = (
				937074AA192AE68D009561E1 /* PRSocialDemo */,
				937074C3192AE68D009561E1 /* PRSocialDemoTests */,
				937074A3192AE68D009561E1 /* Frameworks */,
				937074A2192AE68D009561E1 /* Products */,
				9D31501A77D14BB9A8844236 /* Pods-PRSocialDemo.xcconfig */,
			);
			sourceTree = "<group>";
		};
		937074A2192AE68D009561E1 /* Products */ = {
			isa = PBXGroup;
			children = (
				937074A1192AE68D009561E1 /* PRSocialDemo.app */,
				937074BC192AE68D009561E1 /* PRSocialDemoTests.xctest */,
			);
			name = Products;
			sourceTree = "<group>";
		};
		937074A3192AE68D009561E1 /* Frameworks */ = {
			isa = PBXGroup;
			children = (
				9370750A192B2F45009561E1 /* Social.framework */,
				93707505192B2D74009561E1 /* libPods-PRSocialDemo.a */,
				937074D6192AE8BE009561E1 /* WeChat */,
				937074A4192AE68D009561E1 /* Foundation.framework */,
				937074A6192AE68D009561E1 /* CoreGraphics.framework */,
				937074A8192AE68D009561E1 /* UIKit.framework */,
				937074BD192AE68D009561E1 /* XCTest.framework */,
				FEDD4F2D380D409DB02D6740 /* libPods-PRSocialDemo.a */,
			);
			name = Frameworks;
			sourceTree = "<group>";
		};
		937074AA192AE68D009561E1 /* PRSocialDemo */ = {
			isa = PBXGroup;
			children = (
				937074E3192AEBF6009561E1 /* Classes */,
				937074DF192AEB19009561E1 /* UI */,
				937074B3192AE68D009561E1 /* PRAppDelegate.h */,
				937074B4192AE68D009561E1 /* PRAppDelegate.m */,
				937074B6192AE68D009561E1 /* Images.xcassets */,
				937074AB192AE68D009561E1 /* Supporting Files */,
			);
			path = PRSocialDemo;
			sourceTree = "<group>";
		};
		937074AB192AE68D009561E1 /* Supporting Files */ = {
			isa = PBXGroup;
			children = (
				937074AC192AE68D009561E1 /* PRSocialDemo-Info.plist */,
				937074AD192AE68D009561E1 /* InfoPlist.strings */,
				937074B0192AE68D009561E1 /* main.m */,
				937074B2192AE68D009561E1 /* PRSocialDemo-Prefix.pch */,
			);
			name = "Supporting Files";
			sourceTree = "<group>";
		};
		937074C3192AE68D009561E1 /* PRSocialDemoTests */ = {
			isa = PBXGroup;
			children = (
				937074C9192AE68D009561E1 /* PRSocialDemoTests.m */,
				937074C4192AE68D009561E1 /* Supporting Files */,
			);
			path = PRSocialDemoTests;
			sourceTree = "<group>";
		};
		937074C4192AE68D009561E1 /* Supporting Files */ = {
			isa = PBXGroup;
			children = (
				937074C5192AE68D009561E1 /* PRSocialDemoTests-Info.plist */,
				937074C6192AE68D009561E1 /* InfoPlist.strings */,
			);
			name = "Supporting Files";
			sourceTree = "<group>";
		};
		937074D6192AE8BE009561E1 /* WeChat */ = {
			isa = PBXGroup;
			children = (
				937074D7192AE8BE009561E1 /* libWeChatSDK.a */,
				937074D8192AE8BE009561E1 /* WXApi.h */,
				937074D9192AE8BE009561E1 /* WXApiObject.h */,
			);
			name = WeChat;
			path = Frameworks/WeChat;
			sourceTree = "<group>";
		};
		937074DF192AEB19009561E1 /* UI */ = {
			isa = PBXGroup;
			children = (
				937074E0192AEB22009561E1 /* PRRootViewController.h */,
				937074E1192AEB22009561E1 /* PRRootViewController.m */,
			);
			name = UI;
			sourceTree = "<group>";
		};
		937074E3192AEBF6009561E1 /* Classes */ = {
			isa = PBXGroup;
			children = (
				93707514192B3AF4009561E1 /* Utils */,
				937074FE192B08EC009561E1 /* PRSocial.h */,
				937074E7192AEC14009561E1 /* PRSocialService.h */,
				937074E8192AEC14009561E1 /* PRSocialService.m */,
				937074F8192AF36E009561E1 /* PRSocialConfig.h */,
				937074F9192AF36E009561E1 /* PRSocialConfig.m */,
				937074F0192AF035009561E1 /* PRWeChatService.h */,
				937074F1192AF035009561E1 /* PRWeChatService.m */,
				93707507192B2F28009561E1 /* PRWeiboService.h */,
				93707508192B2F28009561E1 /* PRWeiboService.m */,
			);
			name = Classes;
			sourceTree = "<group>";
		};
		93707514192B3AF4009561E1 /* Utils */ = {
			isa = PBXGroup;
			children = (
				93707526192B3DB3009561E1 /* Categories */,
				93707534192B45A1009561E1 /* UI */,
			);
			name = Utils;
			sourceTree = "<group>";
		};
		93707526192B3DB3009561E1 /* Categories */ = {
			isa = PBXGroup;
			children = (
				93707527192B3DCE009561E1 /* NSNumber+PRSocialURLCoding.h */,
				93707528192B3DCE009561E1 /* NSNumber+PRSocialURLCoding.m */,
				93707529192B3DCE009561E1 /* NSString+PRSocialURLCoding.h */,
				9370752A192B3DCE009561E1 /* NSString+PRSocialURLCoding.m */,
			);
			name = Categories;
			sourceTree = "<group>";
		};
		93707534192B45A1009561E1 /* UI */ = {
			isa = PBXGroup;
			children = (
				93707535192B45F6009561E1 /* PRSocialAuthWebViewController.h */,
				93707536192B45F6009561E1 /* PRSocialAuthWebViewController.m */,
			);
			name = UI;
			sourceTree = "<group>";
		};
/* End PBXGroup section */

/* Begin PBXNativeTarget section */
		937074A0192AE68D009561E1 /* PRSocialDemo */ = {
			isa = PBXNativeTarget;
			buildConfigurationList = 937074CD192AE68D009561E1 /* Build configuration list for PBXNativeTarget "PRSocialDemo" */;
			buildPhases = (
				48F6E152508C443E8297F72F /* Check Pods Manifest.lock */,
				9370749D192AE68D009561E1 /* Sources */,
				9370749E192AE68D009561E1 /* Frameworks */,
				9370749F192AE68D009561E1 /* Resources */,
				B8039DAFD14447149D7C3B5F /* Copy Pods Resources */,
			);
			buildRules = (
			);
			dependencies = (
			);
			name = PRSocialDemo;
			productName = PRSocialDemo;
			productReference = 937074A1192AE68D009561E1 /* PRSocialDemo.app */;
			productType = "com.apple.product-type.application";
		};
		937074BB192AE68D009561E1 /* PRSocialDemoTests */ = {
			isa = PBXNativeTarget;
			buildConfigurationList = 937074D0192AE68D009561E1 /* Build configuration list for PBXNativeTarget "PRSocialDemoTests" */;
			buildPhases = (
				937074B8192AE68D009561E1 /* Sources */,
				937074B9192AE68D009561E1 /* Frameworks */,
				937074BA192AE68D009561E1 /* Resources */,
			);
			buildRules = (
			);
			dependencies = (
				937074C2192AE68D009561E1 /* PBXTargetDependency */,
			);
			name = PRSocialDemoTests;
			productName = PRSocialDemoTests;
			productReference = 937074BC192AE68D009561E1 /* PRSocialDemoTests.xctest */;
			productType = "com.apple.product-type.bundle.unit-test";
		};
/* End PBXNativeTarget section */

/* Begin PBXProject section */
		93707499192AE68D009561E1 /* Project object */ = {
			isa = PBXProject;
			attributes = {
				CLASSPREFIX = PR;
				LastUpgradeCheck = 0510;
				ORGANIZATIONNAME = "Project Rhinestone";
				TargetAttributes = {
					937074BB192AE68D009561E1 = {
						TestTargetID = 937074A0192AE68D009561E1;
					};
				};
			};
			buildConfigurationList = 9370749C192AE68D009561E1 /* Build configuration list for PBXProject "PRSocialDemo" */;
			compatibilityVersion = "Xcode 3.2";
			developmentRegion = English;
			hasScannedForEncodings = 0;
			knownRegions = (
				en,
			);
			mainGroup = 93707498192AE68D009561E1;
			productRefGroup = 937074A2192AE68D009561E1 /* Products */;
			projectDirPath = "";
			projectRoot = "";
			targets = (
				937074A0192AE68D009561E1 /* PRSocialDemo */,
				937074BB192AE68D009561E1 /* PRSocialDemoTests */,
			);
		};
/* End PBXProject section */

/* Begin PBXResourcesBuildPhase section */
		9370749F192AE68D009561E1 /* Resources */ = {
			isa = PBXResourcesBuildPhase;
			buildActionMask = 2147483647;
			files = (
				937074AF192AE68D009561E1 /* InfoPlist.strings in Resources */,
				937074B7192AE68D009561E1 /* Images.xcassets in Resources */,
			);
			runOnlyForDeploymentPostprocessing = 0;
		};
		937074BA192AE68D009561E1 /* Resources */ = {
			isa = PBXResourcesBuildPhase;
			buildActionMask = 2147483647;
			files = (
				937074C8192AE68D009561E1 /* InfoPlist.strings in Resources */,
			);
			runOnlyForDeploymentPostprocessing = 0;
		};
/* End PBXResourcesBuildPhase section */

/* Begin PBXShellScriptBuildPhase section */
		48F6E152508C443E8297F72F /* Check Pods Manifest.lock */ = {
			isa = PBXShellScriptBuildPhase;
			buildActionMask = 2147483647;
			files = (
			);
			inputPaths = (
			);
			name = "Check Pods Manifest.lock";
			outputPaths = (
			);
			runOnlyForDeploymentPostprocessing = 0;
			shellPath = /bin/sh;
			shellScript = "diff \"${PODS_ROOT}/../Podfile.lock\" \"${PODS_ROOT}/Manifest.lock\" > /dev/null\nif [[ $? != 0 ]] ; then\n    cat << EOM\nerror: The sandbox is not in sync with the Podfile.lock. Run 'pod install' or update your CocoaPods installation.\nEOM\n    exit 1\nfi\n";
			showEnvVarsInLog = 0;
		};
		B8039DAFD14447149D7C3B5F /* Copy Pods Resources */ = {
			isa = PBXShellScriptBuildPhase;
			buildActionMask = 2147483647;
			files = (
			);
			inputPaths = (
			);
			name = "Copy Pods Resources";
			outputPaths = (
			);
			runOnlyForDeploymentPostprocessing = 0;
			shellPath = /bin/sh;
			shellScript = "\"${SRCROOT}/Pods/Pods-PRSocialDemo-resources.sh\"\n";
			showEnvVarsInLog = 0;
		};
/* End PBXShellScriptBuildPhase section */

/* Begin PBXSourcesBuildPhase section */
		9370749D192AE68D009561E1 /* Sources */ = {
			isa = PBXSourcesBuildPhase;
			buildActionMask = 2147483647;
			files = (
				9370752B192B3DCE009561E1 /* NSNumber+PRSocialURLCoding.m in Sources */,
				937074F2192AF035009561E1 /* PRWeChatService.m in Sources */,
				937074E2192AEB22009561E1 /* PRRootViewController.m in Sources */,
				937074B5192AE68D009561E1 /* PRAppDelegate.m in Sources */,
				937074FA192AF36E009561E1 /* PRSocialConfig.m in Sources */,
				93707509192B2F28009561E1 /* PRWeiboService.m in Sources */,
				93707537192B45F6009561E1 /* PRSocialAuthWebViewController.m in Sources */,
				9370752C192B3DCE009561E1 /* NSString+PRSocialURLCoding.m in Sources */,
				937074E9192AEC14009561E1 /* PRSocialService.m in Sources */,
				937074B1192AE68D009561E1 /* main.m in Sources */,
			);
			runOnlyForDeploymentPostprocessing = 0;
		};
		937074B8192AE68D009561E1 /* Sources */ = {
			isa = PBXSourcesBuildPhase;
			buildActionMask = 2147483647;
			files = (
				937074CA192AE68D009561E1 /* PRSocialDemoTests.m in Sources */,
			);
			runOnlyForDeploymentPostprocessing = 0;
		};
/* End PBXSourcesBuildPhase section */

/* Begin PBXTargetDependency section */
		937074C2192AE68D009561E1 /* PBXTargetDependency */ = {
			isa = PBXTargetDependency;
			target = 937074A0192AE68D009561E1 /* PRSocialDemo */;
			targetProxy = 937074C1192AE68D009561E1 /* PBXContainerItemProxy */;
		};
/* End PBXTargetDependency section */

/* Begin PBXVariantGroup section */
		937074AD192AE68D009561E1 /* InfoPlist.strings */ = {
			isa = PBXVariantGroup;
			children = (
				937074AE192AE68D009561E1 /* en */,
			);
			name = InfoPlist.strings;
			sourceTree = "<group>";
		};
		937074C6192AE68D009561E1 /* InfoPlist.strings */ = {
			isa = PBXVariantGroup;
			children = (
				937074C7192AE68D009561E1 /* en */,
			);
			name = InfoPlist.strings;
			sourceTree = "<group>";
		};
/* End PBXVariantGroup section */

/* Begin XCBuildConfiguration section */
		937074CB192AE68D009561E1 /* Debug */ = {
			isa = XCBuildConfiguration;
			buildSettings = {
				ALWAYS_SEARCH_USER_PATHS = NO;
				CLANG_CXX_LANGUAGE_STANDARD = "gnu++0x";
				CLANG_CXX_LIBRARY = "libc++";
				CLANG_ENABLE_MODULES = YES;
				CLANG_ENABLE_OBJC_ARC = YES;
				CLANG_WARN_BOOL_CONVERSION = YES;
				CLANG_WARN_CONSTANT_CONVERSION = YES;
				CLANG_WARN_DIRECT_OBJC_ISA_USAGE = YES_ERROR;
				CLANG_WARN_EMPTY_BODY = YES;
				CLANG_WARN_ENUM_CONVERSION = YES;
				CLANG_WARN_INT_CONVERSION = YES;
				CLANG_WARN_OBJC_ROOT_CLASS = YES_ERROR;
				CLANG_WARN__DUPLICATE_METHOD_MATCH = YES;
				"CODE_SIGN_IDENTITY[sdk=iphoneos*]" = "iPhone Developer";
				COPY_PHASE_STRIP = NO;
				GCC_C_LANGUAGE_STANDARD = gnu99;
				GCC_DYNAMIC_NO_PIC = NO;
				GCC_OPTIMIZATION_LEVEL = 0;
				GCC_PREPROCESSOR_DEFINITIONS = (
					"DEBUG=1",
					"$(inherited)",
				);
				GCC_SYMBOLS_PRIVATE_EXTERN = NO;
				GCC_WARN_64_TO_32_BIT_CONVERSION = YES;
				GCC_WARN_ABOUT_RETURN_TYPE = YES_ERROR;
				GCC_WARN_UNDECLARED_SELECTOR = YES;
				GCC_WARN_UNINITIALIZED_AUTOS = YES_AGGRESSIVE;
				GCC_WARN_UNUSED_FUNCTION = YES;
				GCC_WARN_UNUSED_VARIABLE = YES;
				IPHONEOS_DEPLOYMENT_TARGET = 7.1;
				ONLY_ACTIVE_ARCH = YES;
				SDKROOT = iphoneos;
			};
			name = Debug;
		};
		937074CC192AE68D009561E1 /* Release */ = {
			isa = XCBuildConfiguration;
			buildSettings = {
				ALWAYS_SEARCH_USER_PATHS = NO;
				CLANG_CXX_LANGUAGE_STANDARD = "gnu++0x";
				CLANG_CXX_LIBRARY = "libc++";
				CLANG_ENABLE_MODULES = YES;
				CLANG_ENABLE_OBJC_ARC = YES;
				CLANG_WARN_BOOL_CONVERSION = YES;
				CLANG_WARN_CONSTANT_CONVERSION = YES;
				CLANG_WARN_DIRECT_OBJC_ISA_USAGE = YES_ERROR;
				CLANG_WARN_EMPTY_BODY = YES;
				CLANG_WARN_ENUM_CONVERSION = YES;
				CLANG_WARN_INT_CONVERSION = YES;
				CLANG_WARN_OBJC_ROOT_CLASS = YES_ERROR;
				CLANG_WARN__DUPLICATE_METHOD_MATCH = YES;
				"CODE_SIGN_IDENTITY[sdk=iphoneos*]" = "iPhone Developer";
				COPY_PHASE_STRIP = YES;
				ENABLE_NS_ASSERTIONS = NO;
				GCC_C_LANGUAGE_STANDARD = gnu99;
				GCC_WARN_64_TO_32_BIT_CONVERSION = YES;
				GCC_WARN_ABOUT_RETURN_TYPE = YES_ERROR;
				GCC_WARN_UNDECLARED_SELECTOR = YES;
				GCC_WARN_UNINITIALIZED_AUTOS = YES_AGGRESSIVE;
				GCC_WARN_UNUSED_FUNCTION = YES;
				GCC_WARN_UNUSED_VARIABLE = YES;
				IPHONEOS_DEPLOYMENT_TARGET = 7.1;
				SDKROOT = iphoneos;
				VALIDATE_PRODUCT = YES;
			};
			name = Release;
		};
		937074CE192AE68D009561E1 /* Debug */ = {
			isa = XCBuildConfiguration;
			baseConfigurationReference = 9D31501A77D14BB9A8844236 /* Pods-PRSocialDemo.xcconfig */;
			buildSettings = {
				ARCHS = "$(ARCHS_STANDARD_32_BIT)";
				ASSETCATALOG_COMPILER_APPICON_NAME = AppIcon;
				ASSETCATALOG_COMPILER_LAUNCHIMAGE_NAME = LaunchImage;
				GCC_PRECOMPILE_PREFIX_HEADER = YES;
				GCC_PREFIX_HEADER = "PRSocialDemo/PRSocialDemo-Prefix.pch";
				INFOPLIST_FILE = "PRSocialDemo/PRSocialDemo-Info.plist";
				LIBRARY_SEARCH_PATHS = (
					"$(inherited)",
					"$(PROJECT_DIR)/Frameworks/WeChat",
					"$(PROJECT_DIR)/Pods/build/Debug-iphoneos",
				);
				PRODUCT_NAME = "$(TARGET_NAME)";
				WRAPPER_EXTENSION = app;
			};
			name = Debug;
		};
		937074CF192AE68D009561E1 /* Release */ = {
			isa = XCBuildConfiguration;
			baseConfigurationReference = 9D31501A77D14BB9A8844236 /* Pods-PRSocialDemo.xcconfig */;
			buildSettings = {
				ARCHS = "$(ARCHS_STANDARD_32_BIT)";
				ASSETCATALOG_COMPILER_APPICON_NAME = AppIcon;
				ASSETCATALOG_COMPILER_LAUNCHIMAGE_NAME = LaunchImage;
				GCC_PRECOMPILE_PREFIX_HEADER = YES;
				GCC_PREFIX_HEADER = "PRSocialDemo/PRSocialDemo-Prefix.pch";
				INFOPLIST_FILE = "PRSocialDemo/PRSocialDemo-Info.plist";
				LIBRARY_SEARCH_PATHS = (
					"$(inherited)",
					"$(PROJECT_DIR)/Frameworks/WeChat",
					"$(PROJECT_DIR)/Pods/build/Debug-iphoneos",
				);
				PRODUCT_NAME = "$(TARGET_NAME)";
				WRAPPER_EXTENSION = app;
			};
			name = Release;
		};
		937074D1192AE68D009561E1 /* Debug */ = {
			isa = XCBuildConfiguration;
			buildSettings = {
				BUNDLE_LOADER = "$(BUILT_PRODUCTS_DIR)/PRSocialDemo.app/PRSocialDemo";
				FRAMEWORK_SEARCH_PATHS = (
					"$(SDKROOT)/Developer/Library/Frameworks",
					"$(inherited)",
					"$(DEVELOPER_FRAMEWORKS_DIR)",
				);
				GCC_PRECOMPILE_PREFIX_HEADER = YES;
				GCC_PREFIX_HEADER = "PRSocialDemo/PRSocialDemo-Prefix.pch";
				GCC_PREPROCESSOR_DEFINITIONS = (
					"DEBUG=1",
					"$(inherited)",
				);
				INFOPLIST_FILE = "PRSocialDemoTests/PRSocialDemoTests-Info.plist";
				PRODUCT_NAME = "$(TARGET_NAME)";
				TEST_HOST = "$(BUNDLE_LOADER)";
				WRAPPER_EXTENSION = xctest;
			};
			name = Debug;
		};
		937074D2192AE68D009561E1 /* Release */ = {
			isa = XCBuildConfiguration;
			buildSettings = {
				BUNDLE_LOADER = "$(BUILT_PRODUCTS_DIR)/PRSocialDemo.app/PRSocialDemo";
				FRAMEWORK_SEARCH_PATHS = (
					"$(SDKROOT)/Developer/Library/Frameworks",
					"$(inherited)",
					"$(DEVELOPER_FRAMEWORKS_DIR)",
				);
				GCC_PRECOMPILE_PREFIX_HEADER = YES;
				GCC_PREFIX_HEADER = "PRSocialDemo/PRSocialDemo-Prefix.pch";
				INFOPLIST_FILE = "PRSocialDemoTests/PRSocialDemoTests-Info.plist";
				PRODUCT_NAME = "$(TARGET_NAME)";
				TEST_HOST = "$(BUNDLE_LOADER)";
				WRAPPER_EXTENSION = xctest;
			};
			name = Release;
		};
/* End XCBuildConfiguration section */

/* Begin XCConfigurationList section */
		9370749C192AE68D009561E1 /* Build configuration list for PBXProject "PRSocialDemo" */ = {
			isa = XCConfigurationList;
			buildConfigurations = (
				937074CB192AE68D009561E1 /* Debug */,
				937074CC192AE68D009561E1 /* Release */,
			);
			defaultConfigurationIsVisible = 0;
			defaultConfigurationName = Release;
		};
		937074CD192AE68D009561E1 /* Build configuration list for PBXNativeTarget "PRSocialDemo" */ = {
			isa = XCConfigurationList;
			buildConfigurations = (
				937074CE192AE68D009561E1 /* Debug */,
				937074CF192AE68D009561E1 /* Release */,
			);
			defaultConfigurationIsVisible = 0;
			defaultConfigurationName = Release;
		};
		937074D0192AE68D009561E1 /* Build configuration list for PBXNativeTarget "PRSocialDemoTests" */ = {
			isa = XCConfigurationList;
			buildConfigurations = (
				937074D1192AE68D009561E1 /* Debug */,
				937074D2192AE68D009561E1 /* Release */,
			);
			defaultConfigurationIsVisible = 0;
			defaultConfigurationName = Release;
		};
/* End XCConfigurationList section */
	};
	rootObject = 93707499192AE68D009561E1 /* Project object */;
}
